
Microsoft Visual Studio Solution File, Format Version 12.00
# Visual Studio Version 17
VisualStudioVersion = 17.3.32929.385
MinimumVisualStudioVersion = 10.0.40219.1
Project("{9A19103F-16F7-4668-BE54-9A1E7A4F7556}") = "Shopping list website", "Shopping list website.csproj", "{91B6C43E-29A7-4E86-B4F7-0AD808DB1B49}"
EndProject
Global
	GlobalSection(SolutionConfigurationPlatforms) = preSolution
		Debug|Any CPU = Debug|Any CPU
		Release|Any CPU = Release|Any CPU
	EndGlobalSection
	GlobalSection(ProjectConfigurationPlatforms) = postSolution
		{91B6C43E-29A7-4E86-B4F7-0AD808DB1B49}.Debug|Any CPU.ActiveCfg = Debug|Any CPU
		{91B6C43E-29A7-4E86-B4F7-0AD808DB1B49}.Debug|Any CPU.Build.0 = Debug|Any CPU
		{91B6C43E-29A7-4E86-B4F7-0AD808DB1B49}.Release|Any CPU.ActiveCfg = Release|Any CPU
		{91B6C43E-29A7-4E86-B4F7-0AD808DB1B49}.Release|Any CPU.Build.0 = Release|Any CPU
	EndGlobalSection
	GlobalSection(SolutionProperties) = preSolution
		HideSolutionNode = FALSE
	EndGlobalSection
	GlobalSection(ExtensibilityGlobals) = postSolution
		SolutionGuid = {DAA4AD56-4B44-468D-83C4-735996EABB5E}
	EndGlobalSection
EndGlobal
